// !$*UTF8*$!
{
	archiveVersion = 1;
	classes = {
	};
	objectVersion = 50;
	objects = {

/* Begin PBXBuildFile section */
		1319D421257483ED00DC0ABE /* AppDelegate.swift in Sources */ = {isa = PBXBuildFile; fileRef = 1319D420257483ED00DC0ABE /* AppDelegate.swift */; };
		1319D423257483ED00DC0ABE /* SceneDelegate.swift in Sources */ = {isa = PBXBuildFile; fileRef = 1319D422257483ED00DC0ABE /* SceneDelegate.swift */; };
		1319D425257483ED00DC0ABE /* ViewController.swift in Sources */ = {isa = PBXBuildFile; fileRef = 1319D424257483ED00DC0ABE /* ViewController.swift */; };
		1319D428257483ED00DC0ABE /* Main.storyboard in Resources */ = {isa = PBXBuildFile; fileRef = 1319D426257483ED00DC0ABE /* Main.storyboard */; };
		1319D42A257483F000DC0ABE /* Assets.xcassets in Resources */ = {isa = PBXBuildFile; fileRef = 1319D429257483F000DC0ABE /* Assets.xcassets */; };
		1319D42D257483F000DC0ABE /* LaunchScreen.storyboard in Resources */ = {isa = PBXBuildFile; fileRef = 1319D42B257483F000DC0ABE /* LaunchScreen.storyboard */; };
		1319D438257483F000DC0ABE /* CalculationGameTests.swift in Sources */ = {isa = PBXBuildFile; fileRef = 1319D437257483F000DC0ABE /* CalculationGameTests.swift */; };
		1319D443257483F000DC0ABE /* CalculationGameUITests.swift in Sources */ = {isa = PBXBuildFile; fileRef = 1319D442257483F000DC0ABE /* CalculationGameUITests.swift */; };
		1319D4542574853100DC0ABE /* ButtonCalculation.swift in Sources */ = {isa = PBXBuildFile; fileRef = 1319D4532574853100DC0ABE /* ButtonCalculation.swift */; };
		1319D45D2574881400DC0ABE /* KeyBoardCell.swift in Sources */ = {isa = PBXBuildFile; fileRef = 1319D45C2574881400DC0ABE /* KeyBoardCell.swift */; };
/* End PBXBuildFile section */

/* Begin PBXContainerItemProxy section */
		1319D434257483F000DC0ABE /* PBXContainerItemProxy */ = {
			isa = PBXContainerItemProxy;
			containerPortal = 1319D415257483ED00DC0ABE /* Project object */;
			proxyType = 1;
			remoteGlobalIDString = 1319D41C257483ED00DC0ABE;
			remoteInfo = CalculationGame;
		};
		1319D43F257483F000DC0ABE /* PBXContainerItemProxy */ = {
			isa = PBXContainerItemProxy;
			containerPortal = 1319D415257483ED00DC0ABE /* Project object */;
			proxyType = 1;
			remoteGlobalIDString = 1319D41C257483ED00DC0ABE;
			remoteInfo = CalculationGame;
		};
/* End PBXContainerItemProxy section */

/* Begin PBXFileReference section */
		1319D41D257483ED00DC0ABE /* CalculationGame.app */ = {isa = PBXFileReference; explicitFileType = wrapper.application; includeInIndex = 0; path = CalculationGame.app; sourceTree = BUILT_PRODUCTS_DIR; };
		1319D420257483ED00DC0ABE /* AppDelegate.swift */ = {isa = PBXFileReference; lastKnownFileType = sourcecode.swift; path = AppDelegate.swift; sourceTree = "<group>"; };
		1319D422257483ED00DC0ABE /* SceneDelegate.swift */ = {isa = PBXFileReference; lastKnownFileType = sourcecode.swift; path = SceneDelegate.swift; sourceTree = "<group>"; };
		1319D424257483ED00DC0ABE /* ViewController.swift */ = {isa = PBXFileReference; lastKnownFileType = sourcecode.swift; path = ViewController.swift; sourceTree = "<group>"; };
		1319D427257483ED00DC0ABE /* Base */ = {isa = PBXFileReference; lastKnownFileType = file.storyboard; name = Base; path = Base.lproj/Main.storyboard; sourceTree = "<group>"; };
		1319D429257483F000DC0ABE /* Assets.xcassets */ = {isa = PBXFileReference; lastKnownFileType = folder.assetcatalog; path = Assets.xcassets; sourceTree = "<group>"; };
		1319D42C257483F000DC0ABE /* Base */ = {isa = PBXFileReference; lastKnownFileType = file.storyboard; name = Base; path = Base.lproj/LaunchScreen.storyboard; sourceTree = "<group>"; };
		1319D42E257483F000DC0ABE /* Info.plist */ = {isa = PBXFileReference; lastKnownFileType = text.plist.xml; path = Info.plist; sourceTree = "<group>"; };
		1319D433257483F000DC0ABE /* CalculationGameTests.xctest */ = {isa = PBXFileReference; explicitFileType = wrapper.cfbundle; includeInIndex = 0; path = CalculationGameTests.xctest; sourceTree = BUILT_PRODUCTS_DIR; };
		1319D437257483F000DC0ABE /* CalculationGameTests.swift */ = {isa = PBXFileReference; lastKnownFileType = sourcecode.swift; path = CalculationGameTests.swift; sourceTree = "<group>"; };
		1319D439257483F000DC0ABE /* Info.plist */ = {isa = PBXFileReference; lastKnownFileType = text.plist.xml; path = Info.plist; sourceTree = "<group>"; };
		1319D43E257483F000DC0ABE /* CalculationGameUITests.xctest */ = {isa = PBXFileReference; explicitFileType = wrapper.cfbundle; includeInIndex = 0; path = CalculationGameUITests.xctest; sourceTree = BUILT_PRODUCTS_DIR; };
		1319D442257483F000DC0ABE /* CalculationGameUITests.swift */ = {isa = PBXFileReference; lastKnownFileType = sourcecode.swift; path = CalculationGameUITests.swift; sourceTree = "<group>"; };
		1319D444257483F000DC0ABE /* Info.plist */ = {isa = PBXFileReference; lastKnownFileType = text.plist.xml; path = Info.plist; sourceTree = "<group>"; };
		1319D4532574853100DC0ABE /* ButtonCalculation.swift */ = {isa = PBXFileReference; lastKnownFileType = sourcecode.swift; path = ButtonCalculation.swift; sourceTree = "<group>"; };
		1319D45C2574881400DC0ABE /* KeyBoardCell.swift */ = {isa = PBXFileReference; lastKnownFileType = sourcecode.swift; path = KeyBoardCell.swift; sourceTree = "<group>"; };
/* End PBXFileReference section */

/* Begin PBXFrameworksBuildPhase section */
		1319D41A257483ED00DC0ABE /* Frameworks */ = {
			isa = PBXFrameworksBuildPhase;
			buildActionMask = 2147483647;
			files = (
			);
			runOnlyForDeploymentPostprocessing = 0;
		};
		1319D430257483F000DC0ABE /* Frameworks */ = {
			isa = PBXFrameworksBuildPhase;
			buildActionMask = 2147483647;
			files = (
			);
			runOnlyForDeploymentPostprocessing = 0;
		};
		1319D43B257483F000DC0ABE /* Frameworks */ = {
			isa = PBXFrameworksBuildPhase;
			buildActionMask = 2147483647;
			files = (
			);
			runOnlyForDeploymentPostprocessing = 0;
		};
/* End PBXFrameworksBuildPhase section */

/* Begin PBXGroup section */
		1319D414257483ED00DC0ABE = {
			isa = PBXGroup;
			children = (
				1319D41F257483ED00DC0ABE /* CalculationGame */,
				1319D436257483F000DC0ABE /* CalculationGameTests */,
				1319D441257483F000DC0ABE /* CalculationGameUITests */,
				1319D41E257483ED00DC0ABE /* Products */,
			);
			sourceTree = "<group>";
		};
		1319D41E257483ED00DC0ABE /* Products */ = {
			isa = PBXGroup;
			children = (
				1319D41D257483ED00DC0ABE /* CalculationGame.app */,
				1319D433257483F000DC0ABE /* CalculationGameTests.xctest */,
				1319D43E257483F000DC0ABE /* CalculationGameUITests.xctest */,
			);
			name = Products;
			sourceTree = "<group>";
		};
		1319D41F257483ED00DC0ABE /* CalculationGame */ = {
			isa = PBXGroup;
			children = (
				1319D4582574853900DC0ABE /* Models */,
				1319D420257483ED00DC0ABE /* AppDelegate.swift */,
				1319D422257483ED00DC0ABE /* SceneDelegate.swift */,
				1319D424257483ED00DC0ABE /* ViewController.swift */,
				1319D426257483ED00DC0ABE /* Main.storyboard */,
				1319D429257483F000DC0ABE /* Assets.xcassets */,
				1319D42B257483F000DC0ABE /* LaunchScreen.storyboard */,
				1319D42E257483F000DC0ABE /* Info.plist */,
				1319D45C2574881400DC0ABE /* KeyBoardCell.swift */,
			);
			path = CalculationGame;
			sourceTree = "<group>";
		};
		1319D436257483F000DC0ABE /* CalculationGameTests */ = {
			isa = PBXGroup;
			children = (
				1319D437257483F000DC0ABE /* CalculationGameTests.swift */,
				1319D439257483F000DC0ABE /* Info.plist */,
			);
			path = CalculationGameTests;
			sourceTree = "<group>";
		};
		1319D441257483F000DC0ABE /* CalculationGameUITests */ = {
			isa = PBXGroup;
			children = (
				1319D442257483F000DC0ABE /* CalculationGameUITests.swift */,
				1319D444257483F000DC0ABE /* Info.plist */,
			);
			path = CalculationGameUITests;
			sourceTree = "<group>";
		};
		1319D4582574853900DC0ABE /* Models */ = {
			isa = PBXGroup;
			children = (
				1319D4532574853100DC0ABE /* ButtonCalculation.swift */,
			);
			path = Models;
			sourceTree = "<group>";
		};
/* End PBXGroup section */

/* Begin PBXNativeTarget section */
		1319D41C257483ED00DC0ABE /* CalculationGame */ = {
			isa = PBXNativeTarget;
			buildConfigurationList = 1319D447257483F000DC0ABE /* Build configuration list for PBXNativeTarget "CalculationGame" */;
			buildPhases = (
				1319D419257483ED00DC0ABE /* Sources */,
				1319D41A257483ED00DC0ABE /* Frameworks */,
				1319D41B257483ED00DC0ABE /* Resources */,
			);
			buildRules = (
			);
			dependencies = (
			);
			name = CalculationGame;
			productName = CalculationGame;
			productReference = 1319D41D257483ED00DC0ABE /* CalculationGame.app */;
			productType = "com.apple.product-type.application";
		};
		1319D432257483F000DC0ABE /* CalculationGameTests */ = {
			isa = PBXNativeTarget;
			buildConfigurationList = 1319D44A257483F000DC0ABE /* Build configuration list for PBXNativeTarget "CalculationGameTests" */;
			buildPhases = (
				1319D42F257483F000DC0ABE /* Sources */,
				1319D430257483F000DC0ABE /* Frameworks */,
				1319D431257483F000DC0ABE /* Resources */,
			);
			buildRules = (
			);
			dependencies = (
				1319D435257483F000DC0ABE /* PBXTargetDependency */,
			);
			name = CalculationGameTests;
			productName = CalculationGameTests;
			productReference = 1319D433257483F000DC0ABE /* CalculationGameTests.xctest */;
			productType = "com.apple.product-type.bundle.unit-test";
		};
		1319D43D257483F000DC0ABE /* CalculationGameUITests */ = {
			isa = PBXNativeTarget;
			buildConfigurationList = 1319D44D257483F000DC0ABE /* Build configuration list for PBXNativeTarget "CalculationGameUITests" */;
			buildPhases = (
				1319D43A257483F000DC0ABE /* Sources */,
				1319D43B257483F000DC0ABE /* Frameworks */,
				1319D43C257483F000DC0ABE /* Resources */,
			);
			buildRules = (
			);
			dependencies = (
				1319D440257483F000DC0ABE /* PBXTargetDependency */,
			);
			name = CalculationGameUITests;
			productName = CalculationGameUITests;
			productReference = 1319D43E257483F000DC0ABE /* CalculationGameUITests.xctest */;
			productType = "com.apple.product-type.bundle.ui-testing";
		};
/* End PBXNativeTarget section */

/* Begin PBXProject section */
		1319D415257483ED00DC0ABE /* Project object */ = {
			isa = PBXProject;
			attributes = {
				LastSwiftUpdateCheck = 1220;
				LastUpgradeCheck = 1220;
				TargetAttributes = {
					1319D41C257483ED00DC0ABE = {
						CreatedOnToolsVersion = 12.2;
					};
					1319D432257483F000DC0ABE = {
						CreatedOnToolsVersion = 12.2;
						TestTargetID = 1319D41C257483ED00DC0ABE;
					};
					1319D43D257483F000DC0ABE = {
						CreatedOnToolsVersion = 12.2;
						TestTargetID = 1319D41C257483ED00DC0ABE;
					};
				};
			};
			buildConfigurationList = 1319D418257483ED00DC0ABE /* Build configuration list for PBXProject "CalculationGame" */;
			compatibilityVersion = "Xcode 9.3";
			developmentRegion = en;
			hasScannedForEncodings = 0;
			knownRegions = (
				en,
				Base,
			);
			mainGroup = 1319D414257483ED00DC0ABE;
			productRefGroup = 1319D41E257483ED00DC0ABE /* Products */;
			projectDirPath = "";
			projectRoot = "";
			targets = (
				1319D41C257483ED00DC0ABE /* CalculationGame */,
				1319D432257483F000DC0ABE /* CalculationGameTests */,
				1319D43D257483F000DC0ABE /* CalculationGameUITests */,
			);
		};
/* End PBXProject section */

/* Begin PBXResourcesBuildPhase section */
		1319D41B257483ED00DC0ABE /* Resources */ = {
			isa = PBXResourcesBuildPhase;
			buildActionMask = 2147483647;
			files = (
				1319D42D257483F000DC0ABE /* LaunchScreen.storyboard in Resources */,
				1319D42A257483F000DC0ABE /* Assets.xcassets in Resources */,
				1319D428257483ED00DC0ABE /* Main.storyboard in Resources */,
			);
			runOnlyForDeploymentPostprocessing = 0;
		};
		1319D431257483F000DC0ABE /* Resources */ = {
			isa = PBXResourcesBuildPhase;
			buildActionMask = 2147483647;
			files = (
			);
			runOnlyForDeploymentPostprocessing = 0;
		};
		1319D43C257483F000DC0ABE /* Resources */ = {
			isa = PBXResourcesBuildPhase;
			buildActionMask = 2147483647;
			files = (
			);
			runOnlyForDeploymentPostprocessing = 0;
		};
/* End PBXResourcesBuildPhase section */

/* Begin PBXSourcesBuildPhase section */
		1319D419257483ED00DC0ABE /* Sources */ = {
			isa = PBXSourcesBuildPhase;
			buildActionMask = 2147483647;
			files = (
				1319D45D2574881400DC0ABE /* KeyBoardCell.swift in Sources */,
				1319D425257483ED00DC0ABE /* ViewController.swift in Sources */,
				1319D4542574853100DC0ABE /* ButtonCalculation.swift in Sources */,
				1319D421257483ED00DC0ABE /* AppDelegate.swift in Sources */,
				1319D423257483ED00DC0ABE /* SceneDelegate.swift in Sources */,
			);
			runOnlyForDeploymentPostprocessing = 0;
		};
		1319D42F257483F000DC0ABE /* Sources */ = {
			isa = PBXSourcesBuildPhase;
			buildActionMask = 2147483647;
			files = (
				1319D438257483F000DC0ABE /* CalculationGameTests.swift in Sources */,
			);
			runOnlyForDeploymentPostprocessing = 0;
		};
		1319D43A257483F000DC0ABE /* Sources */ = {
			isa = PBXSourcesBuildPhase;
			buildActionMask = 2147483647;
			files = (
				1319D443257483F000DC0ABE /* CalculationGameUITests.swift in Sources */,
			);
			runOnlyForDeploymentPostprocessing = 0;
		};
/* End PBXSourcesBuildPhase section */

/* Begin PBXTargetDependency section */
		1319D435257483F000DC0ABE /* PBXTargetDependency */ = {
			isa = PBXTargetDependency;
			target = 1319D41C257483ED00DC0ABE /* CalculationGame */;
			targetProxy = 1319D434257483F000DC0ABE /* PBXContainerItemProxy */;
		};
		1319D440257483F000DC0ABE /* PBXTargetDependency */ = {
			isa = PBXTargetDependency;
			target = 1319D41C257483ED00DC0ABE /* CalculationGame */;
			targetProxy = 1319D43F257483F000DC0ABE /* PBXContainerItemProxy */;
		};
/* End PBXTargetDependency section */

/* Begin PBXVariantGroup section */
		1319D426257483ED00DC0ABE /* Main.storyboard */ = {
			isa = PBXVariantGroup;
			children = (
				1319D427257483ED00DC0ABE /* Base */,
			);
			name = Main.storyboard;
			sourceTree = "<group>";
		};
		1319D42B257483F000DC0ABE /* LaunchScreen.storyboard */ = {
			isa = PBXVariantGroup;
			children = (
				1319D42C257483F000DC0ABE /* Base */,
			);
			name = LaunchScreen.storyboard;
			sourceTree = "<group>";
		};
/* End PBXVariantGroup section */

/* Begin XCBuildConfiguration section */
		1319D445257483F000DC0ABE /* Debug */ = {
			isa = XCBuildConfiguration;
			buildSettings = {
				ALWAYS_SEARCH_USER_PATHS = NO;
				CLANG_ANALYZER_NONNULL = YES;
				CLANG_ANALYZER_NUMBER_OBJECT_CONVERSION = YES_AGGRESSIVE;
				CLANG_CXX_LANGUAGE_STANDARD = "gnu++14";
				CLANG_CXX_LIBRARY = "libc++";
				CLANG_ENABLE_MODULES = YES;
				CLANG_ENABLE_OBJC_ARC = YES;
				CLANG_ENABLE_OBJC_WEAK = YES;
				CLANG_WARN_BLOCK_CAPTURE_AUTORELEASING = YES;
				CLANG_WARN_BOOL_CONVERSION = YES;
				CLANG_WARN_COMMA = YES;
				CLANG_WARN_CONSTANT_CONVERSION = YES;
				CLANG_WARN_DEPRECATED_OBJC_IMPLEMENTATIONS = YES;
				CLANG_WARN_DIRECT_OBJC_ISA_USAGE = YES_ERROR;
				CLANG_WARN_DOCUMENTATION_COMMENTS = YES;
				CLANG_WARN_EMPTY_BODY = YES;
				CLANG_WARN_ENUM_CONVERSION = YES;
				CLANG_WARN_INFINITE_RECURSION = YES;
				CLANG_WARN_INT_CONVERSION = YES;
				CLANG_WARN_NON_LITERAL_NULL_CONVERSION = YES;
				CLANG_WARN_OBJC_IMPLICIT_RETAIN_SELF = YES;
				CLANG_WARN_OBJC_LITERAL_CONVERSION = YES;
				CLANG_WARN_OBJC_ROOT_CLASS = YES_ERROR;
				CLANG_WARN_QUOTED_INCLUDE_IN_FRAMEWORK_HEADER = YES;
				CLANG_WARN_RANGE_LOOP_ANALYSIS = YES;
				CLANG_WARN_STRICT_PROTOTYPES = YES;
				CLANG_WARN_SUSPICIOUS_MOVE = YES;
				CLANG_WARN_UNGUARDED_AVAILABILITY = YES_AGGRESSIVE;
				CLANG_WARN_UNREACHABLE_CODE = YES;
				CLANG_WARN__DUPLICATE_METHOD_MATCH = YES;
				COPY_PHASE_STRIP = NO;
				DEBUG_INFORMATION_FORMAT = dwarf;
				ENABLE_STRICT_OBJC_MSGSEND = YES;
				ENABLE_TESTABILITY = YES;
				GCC_C_LANGUAGE_STANDARD = gnu11;
				GCC_DYNAMIC_NO_PIC = NO;
				GCC_NO_COMMON_BLOCKS = YES;
				GCC_OPTIMIZATION_LEVEL = 0;
				GCC_PREPROCESSOR_DEFINITIONS = (
					"DEBUG=1",
					"$(inherited)",
				);
				GCC_WARN_64_TO_32_BIT_CONVERSION = YES;
				GCC_WARN_ABOUT_RETURN_TYPE = YES_ERROR;
				GCC_WARN_UNDECLARED_SELECTOR = YES;
				GCC_WARN_UNINITIALIZED_AUTOS = YES_AGGRESSIVE;
				GCC_WARN_UNUSED_FUNCTION = YES;
				GCC_WARN_UNUSED_VARIABLE = YES;
				IPHONEOS_DEPLOYMENT_TARGET = 14.2;
				MTL_ENABLE_DEBUG_INFO = INCLUDE_SOURCE;
				MTL_FAST_MATH = YES;
				ONLY_ACTIVE_ARCH = YES;
				SDKROOT = iphoneos;
				SWIFT_ACTIVE_COMPILATION_CONDITIONS = DEBUG;
				SWIFT_OPTIMIZATION_LEVEL = "-Onone";
			};
			name = Debug;
		};
		1319D446257483F000DC0ABE /* Release */ = {
			isa = XCBuildConfiguration;
			buildSettings = {
				ALWAYS_SEARCH_USER_PATHS = NO;
				CLANG_ANALYZER_NONNULL = YES;
				CLANG_ANALYZER_NUMBER_OBJECT_CONVERSION = YES_AGGRESSIVE;
				CLANG_CXX_LANGUAGE_STANDARD = "gnu++14";
				CLANG_CXX_LIBRARY = "libc++";
				CLANG_ENABLE_MODULES = YES;
				CLANG_ENABLE_OBJC_ARC = YES;
				CLANG_ENABLE_OBJC_WEAK = YES;
				CLANG_WARN_BLOCK_CAPTURE_AUTORELEASING = YES;
				CLANG_WARN_BOOL_CONVERSION = YES;
				CLANG_WARN_COMMA = YES;
				CLANG_WARN_CONSTANT_CONVERSION = YES;
				CLANG_WARN_DEPRECATED_OBJC_IMPLEMENTATIONS = YES;
				CLANG_WARN_DIRECT_OBJC_ISA_USAGE = YES_ERROR;
				CLANG_WARN_DOCUMENTATION_COMMENTS = YES;
				CLANG_WARN_EMPTY_BODY = YES;
				CLANG_WARN_ENUM_CONVERSION = YES;
				CLANG_WARN_INFINITE_RECURSION = YES;
				CLANG_WARN_INT_CONVERSION = YES;
				CLANG_WARN_NON_LITERAL_NULL_CONVERSION = YES;
				CLANG_WARN_OBJC_IMPLICIT_RETAIN_SELF = YES;
				CLANG_WARN_OBJC_LITERAL_CONVERSION = YES;
				CLANG_WARN_OBJC_ROOT_CLASS = YES_ERROR;
				CLANG_WARN_QUOTED_INCLUDE_IN_FRAMEWORK_HEADER = YES;
				CLANG_WARN_RANGE_LOOP_ANALYSIS = YES;
				CLANG_WARN_STRICT_PROTOTYPES = YES;
				CLANG_WARN_SUSPICIOUS_MOVE = YES;
				CLANG_WARN_UNGUARDED_AVAILABILITY = YES_AGGRESSIVE;
				CLANG_WARN_UNREACHABLE_CODE = YES;
				CLANG_WARN__DUPLICATE_METHOD_MATCH = YES;
				COPY_PHASE_STRIP = NO;
				DEBUG_INFORMATION_FORMAT = "dwarf-with-dsym";
				ENABLE_NS_ASSERTIONS = NO;
				ENABLE_STRICT_OBJC_MSGSEND = YES;
				GCC_C_LANGUAGE_STANDARD = gnu11;
				GCC_NO_COMMON_BLOCKS = YES;
				GCC_WARN_64_TO_32_BIT_CONVERSION = YES;
				GCC_WARN_ABOUT_RETURN_TYPE = YES_ERROR;
				GCC_WARN_UNDECLARED_SELECTOR = YES;
				GCC_WARN_UNINITIALIZED_AUTOS = YES_AGGRESSIVE;
				GCC_WARN_UNUSED_FUNCTION = YES;
				GCC_WARN_UNUSED_VARIABLE = YES;
				IPHONEOS_DEPLOYMENT_TARGET = 14.2;
				MTL_ENABLE_DEBUG_INFO = NO;
				MTL_FAST_MATH = YES;
				SDKROOT = iphoneos;
				SWIFT_COMPILATION_MODE = wholemodule;
				SWIFT_OPTIMIZATION_LEVEL = "-O";
				VALIDATE_PRODUCT = YES;
			};
			name = Release;
		};
		1319D448257483F000DC0ABE /* Debug */ = {
			isa = XCBuildConfiguration;
			buildSettings = {
				ASSETCATALOG_COMPILER_APPICON_NAME = AppIcon;
				ASSETCATALOG_COMPILER_GLOBAL_ACCENT_COLOR_NAME = AccentColor;
				CODE_SIGN_STYLE = Automatic;
				DEVELOPMENT_TEAM = D2Q8VQ7WJZ;
				INFOPLIST_FILE = CalculationGame/Info.plist;
				LD_RUNPATH_SEARCH_PATHS = (
					"$(inherited)",
					"@executable_path/Frameworks",
				);
				PRODUCT_BUNDLE_IDENTIFIER = com.than.duc.huy.CalculationGame;
				PRODUCT_NAME = "$(TARGET_NAME)";
				SWIFT_VERSION = 5.0;
				TARGETED_DEVICE_FAMILY = "1,2";
			};
			name = Debug;
		};
		1319D449257483F000DC0ABE /* Release */ = {
			isa = XCBuildConfiguration;
			buildSettings = {
				ASSETCATALOG_COMPILER_APPICON_NAME = AppIcon;
				ASSETCATALOG_COMPILER_GLOBAL_ACCENT_COLOR_NAME = AccentColor;
				CODE_SIGN_STYLE = Automatic;
				DEVELOPMENT_TEAM = D2Q8VQ7WJZ;
				INFOPLIST_FILE = CalculationGame/Info.plist;
				LD_RUNPATH_SEARCH_PATHS = (
					"$(inherited)",
					"@executable_path/Frameworks",
				);
				PRODUCT_BUNDLE_IDENTIFIER = com.than.duc.huy.CalculationGame;
				PRODUCT_NAME = "$(TARGET_NAME)";
				SWIFT_VERSION = 5.0;
				TARGETED_DEVICE_FAMILY = "1,2";
			};
			name = Release;
		};
		1319D44B257483F000DC0ABE /* Debug */ = {
			isa = XCBuildConfiguration;
			buildSettings = {
				ALWAYS_EMBED_SWIFT_STANDARD_LIBRARIES = YES;
				BUNDLE_LOADER = "$(TEST_HOST)";
				CODE_SIGN_STYLE = Automatic;
				DEVELOPMENT_TEAM = D2Q8VQ7WJZ;
				INFOPLIST_FILE = CalculationGameTests/Info.plist;
				IPHONEOS_DEPLOYMENT_TARGET = 14.2;
				LD_RUNPATH_SEARCH_PATHS = (
					"$(inherited)",
					"@executable_path/Frameworks",
					"@loader_path/Frameworks",
				);
				PRODUCT_BUNDLE_IDENTIFIER = com.than.duc.huy.CalculationGameTests;
				PRODUCT_NAME = "$(TARGET_NAME)";
				SWIFT_VERSION = 5.0;
				TARGETED_DEVICE_FAMILY = "1,2";
				TEST_HOST = "$(BUILT_PRODUCTS_DIR)/CalculationGame.app/CalculationGame";
			};
			name = Debug;
		};
		1319D44C257483F000DC0ABE /* Release */ = {
			isa = XCBuildConfiguration;
			buildSettings = {
				ALWAYS_EMBED_SWIFT_STANDARD_LIBRARIES = YES;
				BUNDLE_LOADER = "$(TEST_HOST)";
				CODE_SIGN_STYLE = Automatic;
				DEVELOPMENT_TEAM = D2Q8VQ7WJZ;
				INFOPLIST_FILE = CalculationGameTests/Info.plist;
				IPHONEOS_DEPLOYMENT_TARGET = 14.2;
				LD_RUNPATH_SEARCH_PATHS = (
					"$(inherited)",
					"@executable_path/Frameworks",
					"@loader_path/Frameworks",
				);
				PRODUCT_BUNDLE_IDENTIFIER = com.than.duc.huy.CalculationGameTests;
				PRODUCT_NAME = "$(TARGET_NAME)";
				SWIFT_VERSION = 5.0;
				TARGETED_DEVICE_FAMILY = "1,2";
				TEST_HOST = "$(BUILT_PRODUCTS_DIR)/CalculationGame.app/CalculationGame";
			};
			name = Release;
		};
		1319D44E257483F000DC0ABE /* Debug */ = {
			isa = XCBuildConfiguration;
			buildSettings = {
				ALWAYS_EMBED_SWIFT_STANDARD_LIBRARIES = YES;
				CODE_SIGN_STYLE = Automatic;
				DEVELOPMENT_TEAM = D2Q8VQ7WJZ;
				INFOPLIST_FILE = CalculationGameUITests/Info.plist;
				LD_RUNPATH_SEARCH_PATHS = (
					"$(inherited)",
					"@executable_path/Frameworks",
					"@loader_path/Frameworks",
				);
				PRODUCT_BUNDLE_IDENTIFIER = com.than.duc.huy.CalculationGameUITests;
				PRODUCT_NAME = "$(TARGET_NAME)";
				SWIFT_VERSION = 5.0;
				TARGETED_DEVICE_FAMILY = "1,2";
				TEST_TARGET_NAME = CalculationGame;
			};
			name = Debug;
		};
		1319D44F257483F000DC0ABE /* Release */ = {
			isa = XCBuildConfiguration;
			buildSettings = {
				ALWAYS_EMBED_SWIFT_STANDARD_LIBRARIES = YES;
				CODE_SIGN_STYLE = Automatic;
				DEVELOPMENT_TEAM = D2Q8VQ7WJZ;
				INFOPLIST_FILE = CalculationGameUITests/Info.plist;
				LD_RUNPATH_SEARCH_PATHS = (
					"$(inherited)",
					"@executable_path/Frameworks",
					"@loader_path/Frameworks",
				);
				PRODUCT_BUNDLE_IDENTIFIER = com.than.duc.huy.CalculationGameUITests;
				PRODUCT_NAME = "$(TARGET_NAME)";
				SWIFT_VERSION = 5.0;
				TARGETED_DEVICE_FAMILY = "1,2";
				TEST_TARGET_NAME = CalculationGame;
			};
			name = Release;
		};
/* End XCBuildConfiguration section */

/* Begin XCConfigurationList section */
		1319D418257483ED00DC0ABE /* Build configuration list for PBXProject "CalculationGame" */ = {
			isa = XCConfigurationList;
			buildConfigurations = (
				1319D445257483F000DC0ABE /* Debug */,
				1319D446257483F000DC0ABE /* Release */,
			);
			defaultConfigurationIsVisible = 0;
			defaultConfigurationName = Release;
		};
		1319D447257483F000DC0ABE /* Build configuration list for PBXNativeTarget "CalculationGame" */ = {
			isa = XCConfigurationList;
			buildConfigurations = (
				1319D448257483F000DC0ABE /* Debug */,
				1319D449257483F000DC0ABE /* Release */,
			);
			defaultConfigurationIsVisible = 0;
			defaultConfigurationName = Release;
		};
		1319D44A257483F000DC0ABE /* Build configuration list for PBXNativeTarget "CalculationGameTests" */ = {
			isa = XCConfigurationList;
			buildConfigurations = (
				1319D44B257483F000DC0ABE /* Debug */,
				1319D44C257483F000DC0ABE /* Release */,
			);
			defaultConfigurationIsVisible = 0;
			defaultConfigurationName = Release;
		};
		1319D44D257483F000DC0ABE /* Build configuration list for PBXNativeTarget "CalculationGameUITests" */ = {
			isa = XCConfigurationList;
			buildConfigurations = (
				1319D44E257483F000DC0ABE /* Debug */,
				1319D44F257483F000DC0ABE /* Release */,
			);
			defaultConfigurationIsVisible = 0;
			defaultConfigurationName = Release;
		};
/* End XCConfigurationList section */
	};
	rootObject = 1319D415257483ED00DC0ABE /* Project object */;
}
